// !$*UTF8*$!
{
	archiveVersion = 1;
	classes = {
	};
	objectVersion = 46;
	objects = {

/* Begin PBXBuildFile section */
		100DAD451BD3CEBC00170A84 /* AppDelegate.swift in Sources */ = {isa = PBXBuildFile; fileRef = 100DAD441BD3CEBC00170A84 /* AppDelegate.swift */; };
		100DAD471BD3CEBC00170A84 /* ViewController.swift in Sources */ = {isa = PBXBuildFile; fileRef = 100DAD461BD3CEBC00170A84 /* ViewController.swift */; };
		100DAD4A1BD3CEBC00170A84 /* Main.storyboard in Resources */ = {isa = PBXBuildFile; fileRef = 100DAD481BD3CEBC00170A84 /* Main.storyboard */; };
		100DAD4C1BD3CEBC00170A84 /* Assets.xcassets in Resources */ = {isa = PBXBuildFile; fileRef = 100DAD4B1BD3CEBC00170A84 /* Assets.xcassets */; };
		100DAD4F1BD3CEBC00170A84 /* LaunchScreen.storyboard in Resources */ = {isa = PBXBuildFile; fileRef = 100DAD4D1BD3CEBC00170A84 /* LaunchScreen.storyboard */; };
		100DAD5A1BD3CEBC00170A84 /* SAStickyHeaderExampleUITests.swift in Sources */ = {isa = PBXBuildFile; fileRef = 100DAD591BD3CEBC00170A84 /* SAStickyHeaderExampleUITests.swift */; };
		100DAD8B1BD45A0200170A84 /* SAStickyHeaderView.swift in Sources */ = {isa = PBXBuildFile; fileRef = 100DAD871BD45A0200170A84 /* SAStickyHeaderView.swift */; };
		100DAD8C1BD45A0200170A84 /* SAStickyHeaderView+Image.swift in Sources */ = {isa = PBXBuildFile; fileRef = 100DAD881BD45A0200170A84 /* SAStickyHeaderView+Image.swift */; };
		100DAD8D1BD45A0200170A84 /* SAStickyHeaderView+Gesture.swift in Sources */ = {isa = PBXBuildFile; fileRef = 100DAD891BD45A0200170A84 /* SAStickyHeaderView+Gesture.swift */; };
		100DAD8E1BD45A0200170A84 /* SAStickyHeaderView+Scroll.swift in Sources */ = {isa = PBXBuildFile; fileRef = 100DAD8A1BD45A0200170A84 /* SAStickyHeaderView+Scroll.swift */; };
		100DAD901BD4613500170A84 /* SAStickyHeaderView+Observe.swift in Sources */ = {isa = PBXBuildFile; fileRef = 100DAD8F1BD4613500170A84 /* SAStickyHeaderView+Observe.swift */; };
		101C14041C5EA56800CB42C1 /* SASForceGestureRecognizer.swift in Sources */ = {isa = PBXBuildFile; fileRef = 101C14031C5EA56800CB42C1 /* SASForceGestureRecognizer.swift */; };
		107D7C5A1BEEC5C000859F3F /* SAStickyHeader+Helper.swift in Sources */ = {isa = PBXBuildFile; fileRef = 107D7C591BEEC5C000859F3F /* SAStickyHeader+Helper.swift */; };
/* End PBXBuildFile section */

/* Begin PBXContainerItemProxy section */
		100DAD561BD3CEBC00170A84 /* PBXContainerItemProxy */ = {
			isa = PBXContainerItemProxy;
			containerPortal = 100DAD391BD3CEBC00170A84 /* Project object */;
			proxyType = 1;
			remoteGlobalIDString = 100DAD401BD3CEBC00170A84;
			remoteInfo = SAStickyHeaderExample;
		};
/* End PBXContainerItemProxy section */

/* Begin PBXFileReference section */
		100DAD411BD3CEBC00170A84 /* SAStickyHeaderExample.app */ = {isa = PBXFileReference; explicitFileType = wrapper.application; includeInIndex = 0; path = SAStickyHeaderExample.app; sourceTree = BUILT_PRODUCTS_DIR; };
		100DAD441BD3CEBC00170A84 /* AppDelegate.swift */ = {isa = PBXFileReference; lastKnownFileType = sourcecode.swift; path = AppDelegate.swift; sourceTree = "<group>"; };
		100DAD461BD3CEBC00170A84 /* ViewController.swift */ = {isa = PBXFileReference; lastKnownFileType = sourcecode.swift; path = ViewController.swift; sourceTree = "<group>"; };
		100DAD491BD3CEBC00170A84 /* Base */ = {isa = PBXFileReference; lastKnownFileType = file.storyboard; name = Base; path = Base.lproj/Main.storyboard; sourceTree = "<group>"; };
		100DAD4B1BD3CEBC00170A84 /* Assets.xcassets */ = {isa = PBXFileReference; lastKnownFileType = folder.assetcatalog; path = Assets.xcassets; sourceTree = "<group>"; };
		100DAD4E1BD3CEBC00170A84 /* Base */ = {isa = PBXFileReference; lastKnownFileType = file.storyboard; name = Base; path = Base.lproj/LaunchScreen.storyboard; sourceTree = "<group>"; };
		100DAD501BD3CEBC00170A84 /* Info.plist */ = {isa = PBXFileReference; lastKnownFileType = text.plist.xml; path = Info.plist; sourceTree = "<group>"; };
		100DAD551BD3CEBC00170A84 /* SAStickyHeaderExampleUITests.xctest */ = {isa = PBXFileReference; explicitFileType = wrapper.cfbundle; includeInIndex = 0; path = SAStickyHeaderExampleUITests.xctest; sourceTree = BUILT_PRODUCTS_DIR; };
		100DAD591BD3CEBC00170A84 /* SAStickyHeaderExampleUITests.swift */ = {isa = PBXFileReference; lastKnownFileType = sourcecode.swift; path = SAStickyHeaderExampleUITests.swift; sourceTree = "<group>"; };
		100DAD5B1BD3CEBC00170A84 /* Info.plist */ = {isa = PBXFileReference; lastKnownFileType = text.plist.xml; path = Info.plist; sourceTree = "<group>"; };
		100DAD871BD45A0200170A84 /* SAStickyHeaderView.swift */ = {isa = PBXFileReference; fileEncoding = 4; lastKnownFileType = sourcecode.swift; name = SAStickyHeaderView.swift; path = ../Pod/Classes/SAStickyHeaderView.swift; sourceTree = "<group>"; };
		100DAD881BD45A0200170A84 /* SAStickyHeaderView+Image.swift */ = {isa = PBXFileReference; fileEncoding = 4; lastKnownFileType = sourcecode.swift; name = "SAStickyHeaderView+Image.swift"; path = "../Pod/Classes/SAStickyHeaderView+Image.swift"; sourceTree = "<group>"; };
		100DAD891BD45A0200170A84 /* SAStickyHeaderView+Gesture.swift */ = {isa = PBXFileReference; fileEncoding = 4; lastKnownFileType = sourcecode.swift; name = "SAStickyHeaderView+Gesture.swift"; path = "../Pod/Classes/SAStickyHeaderView+Gesture.swift"; sourceTree = "<group>"; };
		100DAD8A1BD45A0200170A84 /* SAStickyHeaderView+Scroll.swift */ = {isa = PBXFileReference; fileEncoding = 4; lastKnownFileType = sourcecode.swift; name = "SAStickyHeaderView+Scroll.swift"; path = "../Pod/Classes/SAStickyHeaderView+Scroll.swift"; sourceTree = "<group>"; };
		100DAD8F1BD4613500170A84 /* SAStickyHeaderView+Observe.swift */ = {isa = PBXFileReference; fileEncoding = 4; lastKnownFileType = sourcecode.swift; name = "SAStickyHeaderView+Observe.swift"; path = "../Pod/Classes/SAStickyHeaderView+Observe.swift"; sourceTree = "<group>"; };
		101C14031C5EA56800CB42C1 /* SASForceGestureRecognizer.swift */ = {isa = PBXFileReference; fileEncoding = 4; lastKnownFileType = sourcecode.swift; name = SASForceGestureRecognizer.swift; path = ../Pod/Classes/SASForceGestureRecognizer.swift; sourceTree = "<group>"; };
		107D7C591BEEC5C000859F3F /* SAStickyHeader+Helper.swift */ = {isa = PBXFileReference; fileEncoding = 4; lastKnownFileType = sourcecode.swift; name = "SAStickyHeader+Helper.swift"; path = "../Pod/Classes/SAStickyHeader+Helper.swift"; sourceTree = "<group>"; };
/* End PBXFileReference section */

/* Begin PBXFrameworksBuildPhase section */
		100DAD3E1BD3CEBC00170A84 /* Frameworks */ = {
			isa = PBXFrameworksBuildPhase;
			buildActionMask = 2147483647;
			files = (
			);
			runOnlyForDeploymentPostprocessing = 0;
		};
		100DAD521BD3CEBC00170A84 /* Frameworks */ = {
			isa = PBXFrameworksBuildPhase;
			buildActionMask = 2147483647;
			files = (
			);
			runOnlyForDeploymentPostprocessing = 0;
		};
/* End PBXFrameworksBuildPhase section */

/* Begin PBXGroup section */
		100DAD381BD3CEBC00170A84 = {
			isa = PBXGroup;
			children = (
				100DAD431BD3CEBC00170A84 /* SAStickyHeaderExample */,
				100DAD651BD3CED900170A84 /* Pod */,
				100DAD581BD3CEBC00170A84 /* SAStickyHeaderExampleUITests */,
				100DAD421BD3CEBC00170A84 /* Products */,
			);
			sourceTree = "<group>";
		};
		100DAD421BD3CEBC00170A84 /* Products */ = {
			isa = PBXGroup;
			children = (
				100DAD411BD3CEBC00170A84 /* SAStickyHeaderExample.app */,
				100DAD551BD3CEBC00170A84 /* SAStickyHeaderExampleUITests.xctest */,
			);
			name = Products;
			sourceTree = "<group>";
		};
		100DAD431BD3CEBC00170A84 /* SAStickyHeaderExample */ = {
			isa = PBXGroup;
			children = (
				100DAD441BD3CEBC00170A84 /* AppDelegate.swift */,
				100DAD461BD3CEBC00170A84 /* ViewController.swift */,
				100DAD641BD3CECB00170A84 /* Supporting Files */,
			);
			path = SAStickyHeaderExample;
			sourceTree = "<group>";
		};
		100DAD581BD3CEBC00170A84 /* SAStickyHeaderExampleUITests */ = {
			isa = PBXGroup;
			children = (
				100DAD591BD3CEBC00170A84 /* SAStickyHeaderExampleUITests.swift */,
				100DAD5B1BD3CEBC00170A84 /* Info.plist */,
			);
			path = SAStickyHeaderExampleUITests;
			sourceTree = "<group>";
		};
		100DAD641BD3CECB00170A84 /* Supporting Files */ = {
			isa = PBXGroup;
			children = (
				100DAD481BD3CEBC00170A84 /* Main.storyboard */,
				100DAD4D1BD3CEBC00170A84 /* LaunchScreen.storyboard */,
				100DAD4B1BD3CEBC00170A84 /* Assets.xcassets */,
				100DAD501BD3CEBC00170A84 /* Info.plist */,
			);
			name = "Supporting Files";
			sourceTree = "<group>";
		};
		100DAD651BD3CED900170A84 /* Pod */ = {
			isa = PBXGroup;
			children = (
				100DAD661BD3CEE100170A84 /* SAStickyHeader */,
			);
			name = Pod;
			sourceTree = "<group>";
		};
		100DAD661BD3CEE100170A84 /* SAStickyHeader */ = {
			isa = PBXGroup;
			children = (
				100DAD871BD45A0200170A84 /* SAStickyHeaderView.swift */,
				100DAD8F1BD4613500170A84 /* SAStickyHeaderView+Observe.swift */,
				100DAD881BD45A0200170A84 /* SAStickyHeaderView+Image.swift */,
				100DAD891BD45A0200170A84 /* SAStickyHeaderView+Gesture.swift */,
				100DAD8A1BD45A0200170A84 /* SAStickyHeaderView+Scroll.swift */,
				10C5631D1C5ED094002B860C /* gesture */,
				109100681C5EA4580019969A /* support */,
			);
			name = SAStickyHeader;
			sourceTree = "<group>";
		};
		109100681C5EA4580019969A /* support */ = {
			isa = PBXGroup;
			children = (
				107D7C591BEEC5C000859F3F /* SAStickyHeader+Helper.swift */,
			);
			name = support;
			sourceTree = "<group>";
		};
		10C5631D1C5ED094002B860C /* gesture */ = {
			isa = PBXGroup;
			children = (
				101C14031C5EA56800CB42C1 /* SASForceGestureRecognizer.swift */,
			);
			name = gesture;
			sourceTree = "<group>";
		};
/* End PBXGroup section */

/* Begin PBXNativeTarget section */
		100DAD401BD3CEBC00170A84 /* SAStickyHeaderExample */ = {
			isa = PBXNativeTarget;
			buildConfigurationList = 100DAD5E1BD3CEBC00170A84 /* Build configuration list for PBXNativeTarget "SAStickyHeaderExample" */;
			buildPhases = (
				100DAD3D1BD3CEBC00170A84 /* Sources */,
				100DAD3E1BD3CEBC00170A84 /* Frameworks */,
				100DAD3F1BD3CEBC00170A84 /* Resources */,
				10DB2E311BDD57BF00D1E042 /* Swift Lint Checker */,
			);
			buildRules = (
			);
			dependencies = (
			);
			name = SAStickyHeaderExample;
			productName = SAStickyHeaderExample;
			productReference = 100DAD411BD3CEBC00170A84 /* SAStickyHeaderExample.app */;
			productType = "com.apple.product-type.application";
		};
		100DAD541BD3CEBC00170A84 /* SAStickyHeaderExampleUITests */ = {
			isa = PBXNativeTarget;
			buildConfigurationList = 100DAD611BD3CEBC00170A84 /* Build configuration list for PBXNativeTarget "SAStickyHeaderExampleUITests" */;
			buildPhases = (
				100DAD511BD3CEBC00170A84 /* Sources */,
				100DAD521BD3CEBC00170A84 /* Frameworks */,
				100DAD531BD3CEBC00170A84 /* Resources */,
			);
			buildRules = (
			);
			dependencies = (
				100DAD571BD3CEBC00170A84 /* PBXTargetDependency */,
			);
			name = SAStickyHeaderExampleUITests;
			productName = SAStickyHeaderExampleUITests;
			productReference = 100DAD551BD3CEBC00170A84 /* SAStickyHeaderExampleUITests.xctest */;
			productType = "com.apple.product-type.bundle.ui-testing";
		};
/* End PBXNativeTarget section */

/* Begin PBXProject section */
		100DAD391BD3CEBC00170A84 /* Project object */ = {
			isa = PBXProject;
			attributes = {
				LastUpgradeCheck = 0700;
				ORGANIZATIONNAME = SA;
				TargetAttributes = {
					100DAD401BD3CEBC00170A84 = {
						CreatedOnToolsVersion = 7.0.1;
					};
					100DAD541BD3CEBC00170A84 = {
						CreatedOnToolsVersion = 7.0.1;
						TestTargetID = 100DAD401BD3CEBC00170A84;
					};
				};
			};
			buildConfigurationList = 100DAD3C1BD3CEBC00170A84 /* Build configuration list for PBXProject "SAStickyHeaderExample" */;
			compatibilityVersion = "Xcode 3.2";
			developmentRegion = English;
			hasScannedForEncodings = 0;
			knownRegions = (
				en,
				Base,
			);
			mainGroup = 100DAD381BD3CEBC00170A84;
			productRefGroup = 100DAD421BD3CEBC00170A84 /* Products */;
			projectDirPath = "";
			projectRoot = "";
			targets = (
				100DAD401BD3CEBC00170A84 /* SAStickyHeaderExample */,
				100DAD541BD3CEBC00170A84 /* SAStickyHeaderExampleUITests */,
			);
		};
/* End PBXProject section */

/* Begin PBXResourcesBuildPhase section */
		100DAD3F1BD3CEBC00170A84 /* Resources */ = {
			isa = PBXResourcesBuildPhase;
			buildActionMask = 2147483647;
			files = (
				100DAD4F1BD3CEBC00170A84 /* LaunchScreen.storyboard in Resources */,
				100DAD4C1BD3CEBC00170A84 /* Assets.xcassets in Resources */,
				100DAD4A1BD3CEBC00170A84 /* Main.storyboard in Resources */,
			);
			runOnlyForDeploymentPostprocessing = 0;
		};
		100DAD531BD3CEBC00170A84 /* Resources */ = {
			isa = PBXResourcesBuildPhase;
			buildActionMask = 2147483647;
			files = (
			);
			runOnlyForDeploymentPostprocessing = 0;
		};
/* End PBXResourcesBuildPhase section */

/* Begin PBXShellScriptBuildPhase section */
		10DB2E311BDD57BF00D1E042 /* Swift Lint Checker */ = {
			isa = PBXShellScriptBuildPhase;
			buildActionMask = 2147483647;
			files = (
			);
			inputPaths = (
			);
			name = "Swift Lint Checker";
			outputPaths = (
			);
			runOnlyForDeploymentPostprocessing = 0;
			shellPath = /bin/sh;
			shellScript = "#if [ -x /usr/local/bin/swiftlint ]; then\n#/usr/local/bin/swiftlint\n#else\n#echo \"SwiftLint does not exist, download from https://github.com/realm/SwiftLint\"\n#fi";
		};
/* End PBXShellScriptBuildPhase section */

/* Begin PBXSourcesBuildPhase section */
		100DAD3D1BD3CEBC00170A84 /* Sources */ = {
			isa = PBXSourcesBuildPhase;
			buildActionMask = 2147483647;
			files = (
				100DAD471BD3CEBC00170A84 /* ViewController.swift in Sources */,
				100DAD451BD3CEBC00170A84 /* AppDelegate.swift in Sources */,
				100DAD8D1BD45A0200170A84 /* SAStickyHeaderView+Gesture.swift in Sources */,
				100DAD8E1BD45A0200170A84 /* SAStickyHeaderView+Scroll.swift in Sources */,
				101C14041C5EA56800CB42C1 /* SASForceGestureRecognizer.swift in Sources */,
				107D7C5A1BEEC5C000859F3F /* SAStickyHeader+Helper.swift in Sources */,
				100DAD8C1BD45A0200170A84 /* SAStickyHeaderView+Image.swift in Sources */,
				100DAD901BD4613500170A84 /* SAStickyHeaderView+Observe.swift in Sources */,
				100DAD8B1BD45A0200170A84 /* SAStickyHeaderView.swift in Sources */,
			);
			runOnlyForDeploymentPostprocessing = 0;
		};
		100DAD511BD3CEBC00170A84 /* Sources */ = {
			isa = PBXSourcesBuildPhase;
			buildActionMask = 2147483647;
			files = (
				100DAD5A1BD3CEBC00170A84 /* SAStickyHeaderExampleUITests.swift in Sources */,
			);
			runOnlyForDeploymentPostprocessing = 0;
		};
/* End PBXSourcesBuildPhase section */

/* Begin PBXTargetDependency section */
		100DAD571BD3CEBC00170A84 /* PBXTargetDependency */ = {
			isa = PBXTargetDependency;
			target = 100DAD401BD3CEBC00170A84 /* SAStickyHeaderExample */;
			targetProxy = 100DAD561BD3CEBC00170A84 /* PBXContainerItemProxy */;
		};
/* End PBXTargetDependency section */

/* Begin PBXVariantGroup section */
		100DAD481BD3CEBC00170A84 /* Main.storyboard */ = {
			isa = PBXVariantGroup;
			children = (
				100DAD491BD3CEBC00170A84 /* Base */,
			);
			name = Main.storyboard;
			sourceTree = "<group>";
		};
		100DAD4D1BD3CEBC00170A84 /* LaunchScreen.storyboard */ = {
			isa = PBXVariantGroup;
			children = (
				100DAD4E1BD3CEBC00170A84 /* Base */,
			);
			name = LaunchScreen.storyboard;
			sourceTree = "<group>";
		};
/* End PBXVariantGroup section */

/* Begin XCBuildConfiguration section */
		100DAD5C1BD3CEBC00170A84 /* Debug */ = {
			isa = XCBuildConfiguration;
			buildSettings = {
				ALWAYS_SEARCH_USER_PATHS = NO;
				CLANG_CXX_LANGUAGE_STANDARD = "gnu++0x";
				CLANG_CXX_LIBRARY = "libc++";
				CLANG_ENABLE_MODULES = YES;
				CLANG_ENABLE_OBJC_ARC = YES;
				CLANG_WARN_BOOL_CONVERSION = YES;
				CLANG_WARN_CONSTANT_CONVERSION = YES;
				CLANG_WARN_DIRECT_OBJC_ISA_USAGE = YES_ERROR;
				CLANG_WARN_EMPTY_BODY = YES;
				CLANG_WARN_ENUM_CONVERSION = YES;
				CLANG_WARN_INT_CONVERSION = YES;
				CLANG_WARN_OBJC_ROOT_CLASS = YES_ERROR;
				CLANG_WARN_UNREACHABLE_CODE = YES;
				CLANG_WARN__DUPLICATE_METHOD_MATCH = YES;
				"CODE_SIGN_IDENTITY[sdk=iphoneos*]" = "iPhone Developer";
				COPY_PHASE_STRIP = NO;
				DEBUG_INFORMATION_FORMAT = dwarf;
				ENABLE_STRICT_OBJC_MSGSEND = YES;
				ENABLE_TESTABILITY = YES;
				GCC_C_LANGUAGE_STANDARD = gnu99;
				GCC_DYNAMIC_NO_PIC = NO;
				GCC_NO_COMMON_BLOCKS = YES;
				GCC_OPTIMIZATION_LEVEL = 0;
				GCC_PREPROCESSOR_DEFINITIONS = (
					"DEBUG=1",
					"$(inherited)",
				);
				GCC_WARN_64_TO_32_BIT_CONVERSION = YES;
				GCC_WARN_ABOUT_RETURN_TYPE = YES_ERROR;
				GCC_WARN_UNDECLARED_SELECTOR = YES;
				GCC_WARN_UNINITIALIZED_AUTOS = YES_AGGRESSIVE;
				GCC_WARN_UNUSED_FUNCTION = YES;
				GCC_WARN_UNUSED_VARIABLE = YES;
				IPHONEOS_DEPLOYMENT_TARGET = 8.0;
				MTL_ENABLE_DEBUG_INFO = YES;
				ONLY_ACTIVE_ARCH = YES;
				SDKROOT = iphoneos;
				SWIFT_OPTIMIZATION_LEVEL = "-Onone";
				TARGETED_DEVICE_FAMILY = "1,2";
			};
			name = Debug;
		};
		100DAD5D1BD3CEBC00170A84 /* Release */ = {
			isa = XCBuildConfiguration;
			buildSettings = {
				ALWAYS_SEARCH_USER_PATHS = NO;
				CLANG_CXX_LANGUAGE_STANDARD = "gnu++0x";
				CLANG_CXX_LIBRARY = "libc++";
				CLANG_ENABLE_MODULES = YES;
				CLANG_ENABLE_OBJC_ARC = YES;
				CLANG_WARN_BOOL_CONVERSION = YES;
				CLANG_WARN_CONSTANT_CONVERSION = YES;
				CLANG_WARN_DIRECT_OBJC_ISA_USAGE = YES_ERROR;
				CLANG_WARN_EMPTY_BODY = YES;
				CLANG_WARN_ENUM_CONVERSION = YES;
				CLANG_WARN_INT_CONVERSION = YES;
				CLANG_WARN_OBJC_ROOT_CLASS = YES_ERROR;
				CLANG_WARN_UNREACHABLE_CODE = YES;
				CLANG_WARN__DUPLICATE_METHOD_MATCH = YES;
				"CODE_SIGN_IDENTITY[sdk=iphoneos*]" = "iPhone Developer";
				COPY_PHASE_STRIP = NO;
				DEBUG_INFORMATION_FORMAT = "dwarf-with-dsym";
				ENABLE_NS_ASSERTIONS = NO;
				ENABLE_STRICT_OBJC_MSGSEND = YES;
				GCC_C_LANGUAGE_STANDARD = gnu99;
				GCC_NO_COMMON_BLOCKS = YES;
				GCC_WARN_64_TO_32_BIT_CONVERSION = YES;
				GCC_WARN_ABOUT_RETURN_TYPE = YES_ERROR;
				GCC_WARN_UNDECLARED_SELECTOR = YES;
				GCC_WARN_UNINITIALIZED_AUTOS = YES_AGGRESSIVE;
				GCC_WARN_UNUSED_FUNCTION = YES;
				GCC_WARN_UNUSED_VARIABLE = YES;
				IPHONEOS_DEPLOYMENT_TARGET = 8.0;
				MTL_ENABLE_DEBUG_INFO = NO;
				SDKROOT = iphoneos;
				TARGETED_DEVICE_FAMILY = "1,2";
				VALIDATE_PRODUCT = YES;
			};
			name = Release;
		};
		100DAD5F1BD3CEBC00170A84 /* Debug */ = {
			isa = XCBuildConfiguration;
			buildSettings = {
				ASSETCATALOG_COMPILER_APPICON_NAME = AppIcon;
				INFOPLIST_FILE = SAStickyHeaderExample/Info.plist;
				LD_RUNPATH_SEARCH_PATHS = "$(inherited) @executable_path/Frameworks";
				PRODUCT_BUNDLE_IDENTIFIER = SA.SAStickyHeaderExample;
				PRODUCT_NAME = "$(TARGET_NAME)";
			};
			name = Debug;
		};
		100DAD601BD3CEBC00170A84 /* Release */ = {
			isa = XCBuildConfiguration;
			buildSettings = {
				ASSETCATALOG_COMPILER_APPICON_NAME = AppIcon;
				INFOPLIST_FILE = SAStickyHeaderExample/Info.plist;
				LD_RUNPATH_SEARCH_PATHS = "$(inherited) @executable_path/Frameworks";
				PRODUCT_BUNDLE_IDENTIFIER = SA.SAStickyHeaderExample;
				PRODUCT_NAME = "$(TARGET_NAME)";
			};
			name = Release;
		};
		100DAD621BD3CEBC00170A84 /* Debug */ = {
			isa = XCBuildConfiguration;
			buildSettings = {
				INFOPLIST_FILE = SAStickyHeaderExampleUITests/Info.plist;
				LD_RUNPATH_SEARCH_PATHS = "$(inherited) @executable_path/Frameworks @loader_path/Frameworks";
				PRODUCT_BUNDLE_IDENTIFIER = SA.SAStickyHeaderExampleUITests;
				PRODUCT_NAME = "$(TARGET_NAME)";
				TEST_TARGET_NAME = SAStickyHeaderExample;
				USES_XCTRUNNER = YES;
			};
			name = Debug;
		};
		100DAD631BD3CEBC00170A84 /* Release */ = {
			isa = XCBuildConfiguration;
			buildSettings = {
				INFOPLIST_FILE = SAStickyHeaderExampleUITests/Info.plist;
				LD_RUNPATH_SEARCH_PATHS = "$(inherited) @executable_path/Frameworks @loader_path/Frameworks";
				PRODUCT_BUNDLE_IDENTIFIER = SA.SAStickyHeaderExampleUITests;
				PRODUCT_NAME = "$(TARGET_NAME)";
				TEST_TARGET_NAME = SAStickyHeaderExample;
				USES_XCTRUNNER = YES;
			};
			name = Release;
		};
/* End XCBuildConfiguration section */

/* Begin XCConfigurationList section */
		100DAD3C1BD3CEBC00170A84 /* Build configuration list for PBXProject "SAStickyHeaderExample" */ = {
			isa = XCConfigurationList;
			buildConfigurations = (
				100DAD5C1BD3CEBC00170A84 /* Debug */,
				100DAD5D1BD3CEBC00170A84 /* Release */,
			);
			defaultConfigurationIsVisible = 0;
			defaultConfigurationName = Release;
		};
		100DAD5E1BD3CEBC00170A84 /* Build configuration list for PBXNativeTarget "SAStickyHeaderExample" */ = {
			isa = XCConfigurationList;
			buildConfigurations = (
				100DAD5F1BD3CEBC00170A84 /* Debug */,
				100DAD601BD3CEBC00170A84 /* Release */,
			);
			defaultConfigurationIsVisible = 0;
			defaultConfigurationName = Release;
		};
		100DAD611BD3CEBC00170A84 /* Build configuration list for PBXNativeTarget "SAStickyHeaderExampleUITests" */ = {
			isa = XCConfigurationList;
			buildConfigurations = (
				100DAD621BD3CEBC00170A84 /* Debug */,
				100DAD631BD3CEBC00170A84 /* Release */,
			);
			defaultConfigurationIsVisible = 0;
			defaultConfigurationName = Release;
		};
/* End XCConfigurationList section */
	};
	rootObject = 100DAD391BD3CEBC00170A84 /* Project object */;
}
